
Microsoft Visual Studio Solution File, Format Version 12.00
# Visual Studio Version 17
VisualStudioVersion = 17.3.32901.215
MinimumVisualStudioVersion = 10.0.40219.1
Project("{9A19103F-16F7-4668-BE54-9A1E7A4F7556}") = "Basketball", "Basketball\Basketball.csproj", "{A18A53E9-E9F8-4738-ABEE-8731416585C3}"
EndProject
Project("{FAE04EC0-301F-11D3-BF4B-00C04F79EFBC}") = "Barista Contest", "Barista Contest\Barista Contest.csproj", "{251AA511-FE0C-4D40-9126-2D21E4A83CF0}"
EndProject
Project("{FAE04EC0-301F-11D3-BF4B-00C04F79EFBC}") = "Help-A-Mole", "Help-A-Mole\Help-A-Mole.csproj", "{49E06C1E-A8FA-4FE5-B5C0-2B3E959F6015}"
EndProject
Global
	GlobalSection(SolutionConfigurationPlatforms) = preSolution
		Debug|Any CPU = Debug|Any CPU
		Release|Any CPU = Release|Any CPU
	EndGlobalSection
	GlobalSection(ProjectConfigurationPlatforms) = postSolution
		{A18A53E9-E9F8-4738-ABEE-8731416585C3}.Debug|Any CPU.ActiveCfg = Debug|Any CPU
		{A18A53E9-E9F8-4738-ABEE-8731416585C3}.Debug|Any CPU.Build.0 = Debug|Any CPU
		{A18A53E9-E9F8-4738-ABEE-8731416585C3}.Release|Any CPU.ActiveCfg = Release|Any CPU
		{A18A53E9-E9F8-4738-ABEE-8731416585C3}.Release|Any CPU.Build.0 = Release|Any CPU
		{251AA511-FE0C-4D40-9126-2D21E4A83CF0}.Debug|Any CPU.ActiveCfg = Debug|Any CPU
		{251AA511-FE0C-4D40-9126-2D21E4A83CF0}.Debug|Any CPU.Build.0 = Debug|Any CPU
		{251AA511-FE0C-4D40-9126-2D21E4A83CF0}.Release|Any CPU.ActiveCfg = Release|Any CPU
		{251AA511-FE0C-4D40-9126-2D21E4A83CF0}.Release|Any CPU.Build.0 = Release|Any CPU
		{49E06C1E-A8FA-4FE5-B5C0-2B3E959F6015}.Debug|Any CPU.ActiveCfg = Debug|Any CPU
		{49E06C1E-A8FA-4FE5-B5C0-2B3E959F6015}.Debug|Any CPU.Build.0 = Debug|Any CPU
		{49E06C1E-A8FA-4FE5-B5C0-2B3E959F6015}.Release|Any CPU.ActiveCfg = Release|Any CPU
		{49E06C1E-A8FA-4FE5-B5C0-2B3E959F6015}.Release|Any CPU.Build.0 = Release|Any CPU
	EndGlobalSection
	GlobalSection(SolutionProperties) = preSolution
		HideSolutionNode = FALSE
	EndGlobalSection
	GlobalSection(ExtensibilityGlobals) = postSolution
		SolutionGuid = {B9490F7F-CC61-44CD-8F04-76410A0EFCF4}
	EndGlobalSection
EndGlobal
