
Microsoft Visual Studio Solution File, Format Version 12.00
# Visual Studio Version 17
VisualStudioVersion = 17.3.32901.215
MinimumVisualStudioVersion = 10.0.40219.1
Project("{9A19103F-16F7-4668-BE54-9A1E7A4F7556}") = "Vehicles", "Vehicles\Vehicles.csproj", "{763DF029-4034-4666-A09E-A5DBD62CFF40}"
EndProject
Project("{2150E333-8FDC-42A3-9474-1A3956D46DE8}") = "Solution Items", "Solution Items", "{CA30AC98-BD1C-490C-BB01-4454A7F7FBA9}"
	ProjectSection(SolutionItems) = preProject
		.editorconfig = .editorconfig
	EndProjectSection
EndProject
Project("{9A19103F-16F7-4668-BE54-9A1E7A4F7556}") = "Raiding", "Raiding\Raiding.csproj", "{23289B56-ACB2-4470-9665-9AC1511A2760}"
EndProject
Project("{FAE04EC0-301F-11D3-BF4B-00C04F79EFBC}") = "AnimalFarm", "AnimalFarm\AnimalFarm.csproj", "{FA21AA2E-21C8-4ACB-89D6-84B771E58372}"
EndProject
Global
	GlobalSection(SolutionConfigurationPlatforms) = preSolution
		Debug|Any CPU = Debug|Any CPU
		Release|Any CPU = Release|Any CPU
	EndGlobalSection
	GlobalSection(ProjectConfigurationPlatforms) = postSolution
		{763DF029-4034-4666-A09E-A5DBD62CFF40}.Debug|Any CPU.ActiveCfg = Debug|Any CPU
		{763DF029-4034-4666-A09E-A5DBD62CFF40}.Debug|Any CPU.Build.0 = Debug|Any CPU
		{763DF029-4034-4666-A09E-A5DBD62CFF40}.Release|Any CPU.ActiveCfg = Release|Any CPU
		{763DF029-4034-4666-A09E-A5DBD62CFF40}.Release|Any CPU.Build.0 = Release|Any CPU
		{23289B56-ACB2-4470-9665-9AC1511A2760}.Debug|Any CPU.ActiveCfg = Debug|Any CPU
		{23289B56-ACB2-4470-9665-9AC1511A2760}.Debug|Any CPU.Build.0 = Debug|Any CPU
		{23289B56-ACB2-4470-9665-9AC1511A2760}.Release|Any CPU.ActiveCfg = Release|Any CPU
		{23289B56-ACB2-4470-9665-9AC1511A2760}.Release|Any CPU.Build.0 = Release|Any CPU
		{FA21AA2E-21C8-4ACB-89D6-84B771E58372}.Debug|Any CPU.ActiveCfg = Debug|Any CPU
		{FA21AA2E-21C8-4ACB-89D6-84B771E58372}.Debug|Any CPU.Build.0 = Debug|Any CPU
		{FA21AA2E-21C8-4ACB-89D6-84B771E58372}.Release|Any CPU.ActiveCfg = Release|Any CPU
		{FA21AA2E-21C8-4ACB-89D6-84B771E58372}.Release|Any CPU.Build.0 = Release|Any CPU
	EndGlobalSection
	GlobalSection(SolutionProperties) = preSolution
		HideSolutionNode = FALSE
	EndGlobalSection
	GlobalSection(ExtensibilityGlobals) = postSolution
		SolutionGuid = {0D2100BA-5AAA-411A-A975-7B8D7AA51EC0}
	EndGlobalSection
EndGlobal
