
Microsoft Visual Studio Solution File, Format Version 12.00
# Visual Studio Version 17
VisualStudioVersion = 17.8.34330.188
MinimumVisualStudioVersion = 10.0.40219.1
Project("{FAE04EC0-301F-11D3-BF4B-00C04F79EFBC}") = "Masterchef", "Masterchef\Masterchef.csproj", "{B5CFE8DA-8A72-4E70-8079-9BA096992D49}"
EndProject
Project("{FAE04EC0-301F-11D3-BF4B-00C04F79EFBC}") = "Survivor", "Survivor\Survivor.csproj", "{FFC0321C-07EE-40F7-8D31-B0D1D2459A8A}"
EndProject
Project("{9A19103F-16F7-4668-BE54-9A1E7A4F7556}") = "SkiRental", "Ski Rental\SkiRental.csproj", "{B5A35ED5-858E-4ADC-9264-7EC2D3B2439B}"
EndProject
Global
	GlobalSection(SolutionConfigurationPlatforms) = preSolution
		Debug|Any CPU = Debug|Any CPU
		Release|Any CPU = Release|Any CPU
	EndGlobalSection
	GlobalSection(ProjectConfigurationPlatforms) = postSolution
		{B5CFE8DA-8A72-4E70-8079-9BA096992D49}.Debug|Any CPU.ActiveCfg = Debug|Any CPU
		{B5CFE8DA-8A72-4E70-8079-9BA096992D49}.Debug|Any CPU.Build.0 = Debug|Any CPU
		{B5CFE8DA-8A72-4E70-8079-9BA096992D49}.Release|Any CPU.ActiveCfg = Release|Any CPU
		{B5CFE8DA-8A72-4E70-8079-9BA096992D49}.Release|Any CPU.Build.0 = Release|Any CPU
		{FFC0321C-07EE-40F7-8D31-B0D1D2459A8A}.Debug|Any CPU.ActiveCfg = Debug|Any CPU
		{FFC0321C-07EE-40F7-8D31-B0D1D2459A8A}.Debug|Any CPU.Build.0 = Debug|Any CPU
		{FFC0321C-07EE-40F7-8D31-B0D1D2459A8A}.Release|Any CPU.ActiveCfg = Release|Any CPU
		{FFC0321C-07EE-40F7-8D31-B0D1D2459A8A}.Release|Any CPU.Build.0 = Release|Any CPU
		{B5A35ED5-858E-4ADC-9264-7EC2D3B2439B}.Debug|Any CPU.ActiveCfg = Debug|Any CPU
		{B5A35ED5-858E-4ADC-9264-7EC2D3B2439B}.Debug|Any CPU.Build.0 = Debug|Any CPU
		{B5A35ED5-858E-4ADC-9264-7EC2D3B2439B}.Release|Any CPU.ActiveCfg = Release|Any CPU
		{B5A35ED5-858E-4ADC-9264-7EC2D3B2439B}.Release|Any CPU.Build.0 = Release|Any CPU
	EndGlobalSection
	GlobalSection(SolutionProperties) = preSolution
		HideSolutionNode = FALSE
	EndGlobalSection
	GlobalSection(ExtensibilityGlobals) = postSolution
		SolutionGuid = {C997AE1C-6CAB-4741-8F27-AC71F437CDF3}
	EndGlobalSection
EndGlobal
