
Microsoft Visual Studio Solution File, Format Version 12.00
# Visual Studio Version 17
VisualStudioVersion = 17.8.34330.188
MinimumVisualStudioVersion = 10.0.40219.1
Project("{FAE04EC0-301F-11D3-BF4B-00C04F79EFBC}") = "P02.Ad Astra", "P02.Ad Astra\P02.Ad Astra.csproj", "{C2FA179F-1CEB-4079-96AD-E3690F18D412}"
EndProject
Project("{FAE04EC0-301F-11D3-BF4B-00C04F79EFBC}") = "P01.The Imitation Game", "P01.The Imitation Game\P01.The Imitation Game.csproj", "{593181C9-9FF5-419B-A0E7-EAF26A38908F}"
EndProject
Project("{FAE04EC0-301F-11D3-BF4B-00C04F79EFBC}") = "P03.The Pianist", "P03.The Pianist\P03.The Pianist.csproj", "{06F21FF5-44B5-4AC1-82FE-1540CD69D0EB}"
EndProject
Global
	GlobalSection(SolutionConfigurationPlatforms) = preSolution
		Debug|Any CPU = Debug|Any CPU
		Release|Any CPU = Release|Any CPU
	EndGlobalSection
	GlobalSection(ProjectConfigurationPlatforms) = postSolution
		{C2FA179F-1CEB-4079-96AD-E3690F18D412}.Debug|Any CPU.ActiveCfg = Debug|Any CPU
		{C2FA179F-1CEB-4079-96AD-E3690F18D412}.Debug|Any CPU.Build.0 = Debug|Any CPU
		{C2FA179F-1CEB-4079-96AD-E3690F18D412}.Release|Any CPU.ActiveCfg = Release|Any CPU
		{C2FA179F-1CEB-4079-96AD-E3690F18D412}.Release|Any CPU.Build.0 = Release|Any CPU
		{593181C9-9FF5-419B-A0E7-EAF26A38908F}.Debug|Any CPU.ActiveCfg = Debug|Any CPU
		{593181C9-9FF5-419B-A0E7-EAF26A38908F}.Debug|Any CPU.Build.0 = Debug|Any CPU
		{593181C9-9FF5-419B-A0E7-EAF26A38908F}.Release|Any CPU.ActiveCfg = Release|Any CPU
		{593181C9-9FF5-419B-A0E7-EAF26A38908F}.Release|Any CPU.Build.0 = Release|Any CPU
		{06F21FF5-44B5-4AC1-82FE-1540CD69D0EB}.Debug|Any CPU.ActiveCfg = Debug|Any CPU
		{06F21FF5-44B5-4AC1-82FE-1540CD69D0EB}.Debug|Any CPU.Build.0 = Debug|Any CPU
		{06F21FF5-44B5-4AC1-82FE-1540CD69D0EB}.Release|Any CPU.ActiveCfg = Release|Any CPU
		{06F21FF5-44B5-4AC1-82FE-1540CD69D0EB}.Release|Any CPU.Build.0 = Release|Any CPU
	EndGlobalSection
	GlobalSection(SolutionProperties) = preSolution
		HideSolutionNode = FALSE
	EndGlobalSection
	GlobalSection(ExtensibilityGlobals) = postSolution
		SolutionGuid = {A26A1199-F414-4EC8-803C-EDC8FDE5D24C}
	EndGlobalSection
EndGlobal
