
Microsoft Visual Studio Solution File, Format Version 12.00
# Visual Studio Version 17
VisualStudioVersion = 17.8.34330.188
MinimumVisualStudioVersion = 10.0.40219.1
Project("{FAE04EC0-301F-11D3-BF4B-00C04F79EFBC}") = "Snake", "Snake\Snake.csproj", "{AF5753E6-B687-477F-A752-215B674C29E0}"
EndProject
Project("{FAE04EC0-301F-11D3-BF4B-00C04F79EFBC}") = "Bombs", "Bombs\Bombs.csproj", "{F905EA9F-6074-406D-8361-BA9593E544C3}"
EndProject
Project("{9A19103F-16F7-4668-BE54-9A1E7A4F7556}") = "Parking", "Parking\Parking.csproj", "{49F16519-9F9F-40E4-9A43-C2E9CC20BB18}"
EndProject
Global
	GlobalSection(SolutionConfigurationPlatforms) = preSolution
		Debug|Any CPU = Debug|Any CPU
		Release|Any CPU = Release|Any CPU
	EndGlobalSection
	GlobalSection(ProjectConfigurationPlatforms) = postSolution
		{AF5753E6-B687-477F-A752-215B674C29E0}.Debug|Any CPU.ActiveCfg = Debug|Any CPU
		{AF5753E6-B687-477F-A752-215B674C29E0}.Debug|Any CPU.Build.0 = Debug|Any CPU
		{AF5753E6-B687-477F-A752-215B674C29E0}.Release|Any CPU.ActiveCfg = Release|Any CPU
		{AF5753E6-B687-477F-A752-215B674C29E0}.Release|Any CPU.Build.0 = Release|Any CPU
		{F905EA9F-6074-406D-8361-BA9593E544C3}.Debug|Any CPU.ActiveCfg = Debug|Any CPU
		{F905EA9F-6074-406D-8361-BA9593E544C3}.Debug|Any CPU.Build.0 = Debug|Any CPU
		{F905EA9F-6074-406D-8361-BA9593E544C3}.Release|Any CPU.ActiveCfg = Release|Any CPU
		{F905EA9F-6074-406D-8361-BA9593E544C3}.Release|Any CPU.Build.0 = Release|Any CPU
		{49F16519-9F9F-40E4-9A43-C2E9CC20BB18}.Debug|Any CPU.ActiveCfg = Debug|Any CPU
		{49F16519-9F9F-40E4-9A43-C2E9CC20BB18}.Debug|Any CPU.Build.0 = Debug|Any CPU
		{49F16519-9F9F-40E4-9A43-C2E9CC20BB18}.Release|Any CPU.ActiveCfg = Release|Any CPU
		{49F16519-9F9F-40E4-9A43-C2E9CC20BB18}.Release|Any CPU.Build.0 = Release|Any CPU
	EndGlobalSection
	GlobalSection(SolutionProperties) = preSolution
		HideSolutionNode = FALSE
	EndGlobalSection
	GlobalSection(ExtensibilityGlobals) = postSolution
		SolutionGuid = {F3637E04-CAAD-4658-9BFE-B6647334C6A0}
	EndGlobalSection
EndGlobal
