
Microsoft Visual Studio Solution File, Format Version 12.00
# Visual Studio Version 17
VisualStudioVersion = 17.8.34330.188
MinimumVisualStudioVersion = 10.0.40219.1
Project("{FAE04EC0-301F-11D3-BF4B-00C04F79EFBC}") = "P02.Center Point", "P02.Center Point\P02.Center Point.csproj", "{15CF62FC-8853-4C9F-A82B-8D7F23C10D15}"
EndProject
Project("{FAE04EC0-301F-11D3-BF4B-00C04F79EFBC}") = "P01.Data Types", "P01.Data Types\P01.Data Types.csproj", "{022338B2-C3A8-450F-81D9-9CDE919CEB84}"
EndProject
Project("{FAE04EC0-301F-11D3-BF4B-00C04F79EFBC}") = "P03.Longer Line", "P03.Longer Line\P03.Longer Line.csproj", "{CC87A8E0-1BCF-488C-B899-0E8A6618987E}"
EndProject
Project("{FAE04EC0-301F-11D3-BF4B-00C04F79EFBC}") = "P05.Multiplication Sign", "P05.Multiplication Sign\P05.Multiplication Sign.csproj", "{4FE8E013-794C-4A61-B4EC-A8748E4BBA07}"
EndProject
Project("{FAE04EC0-301F-11D3-BF4B-00C04F79EFBC}") = "P04.Tribonacci Sequence", "P04.Tribonacci Sequence\P04.Tribonacci Sequence.csproj", "{9E74E82F-03F8-45FD-97DD-9803EA25B082}"
EndProject
Global
	GlobalSection(SolutionConfigurationPlatforms) = preSolution
		Debug|Any CPU = Debug|Any CPU
		Release|Any CPU = Release|Any CPU
	EndGlobalSection
	GlobalSection(ProjectConfigurationPlatforms) = postSolution
		{15CF62FC-8853-4C9F-A82B-8D7F23C10D15}.Debug|Any CPU.ActiveCfg = Debug|Any CPU
		{15CF62FC-8853-4C9F-A82B-8D7F23C10D15}.Debug|Any CPU.Build.0 = Debug|Any CPU
		{15CF62FC-8853-4C9F-A82B-8D7F23C10D15}.Release|Any CPU.ActiveCfg = Release|Any CPU
		{15CF62FC-8853-4C9F-A82B-8D7F23C10D15}.Release|Any CPU.Build.0 = Release|Any CPU
		{022338B2-C3A8-450F-81D9-9CDE919CEB84}.Debug|Any CPU.ActiveCfg = Debug|Any CPU
		{022338B2-C3A8-450F-81D9-9CDE919CEB84}.Debug|Any CPU.Build.0 = Debug|Any CPU
		{022338B2-C3A8-450F-81D9-9CDE919CEB84}.Release|Any CPU.ActiveCfg = Release|Any CPU
		{022338B2-C3A8-450F-81D9-9CDE919CEB84}.Release|Any CPU.Build.0 = Release|Any CPU
		{CC87A8E0-1BCF-488C-B899-0E8A6618987E}.Debug|Any CPU.ActiveCfg = Debug|Any CPU
		{CC87A8E0-1BCF-488C-B899-0E8A6618987E}.Debug|Any CPU.Build.0 = Debug|Any CPU
		{CC87A8E0-1BCF-488C-B899-0E8A6618987E}.Release|Any CPU.ActiveCfg = Release|Any CPU
		{CC87A8E0-1BCF-488C-B899-0E8A6618987E}.Release|Any CPU.Build.0 = Release|Any CPU
		{4FE8E013-794C-4A61-B4EC-A8748E4BBA07}.Debug|Any CPU.ActiveCfg = Debug|Any CPU
		{4FE8E013-794C-4A61-B4EC-A8748E4BBA07}.Debug|Any CPU.Build.0 = Debug|Any CPU
		{4FE8E013-794C-4A61-B4EC-A8748E4BBA07}.Release|Any CPU.ActiveCfg = Release|Any CPU
		{4FE8E013-794C-4A61-B4EC-A8748E4BBA07}.Release|Any CPU.Build.0 = Release|Any CPU
		{9E74E82F-03F8-45FD-97DD-9803EA25B082}.Debug|Any CPU.ActiveCfg = Debug|Any CPU
		{9E74E82F-03F8-45FD-97DD-9803EA25B082}.Debug|Any CPU.Build.0 = Debug|Any CPU
		{9E74E82F-03F8-45FD-97DD-9803EA25B082}.Release|Any CPU.ActiveCfg = Release|Any CPU
		{9E74E82F-03F8-45FD-97DD-9803EA25B082}.Release|Any CPU.Build.0 = Release|Any CPU
	EndGlobalSection
	GlobalSection(SolutionProperties) = preSolution
		HideSolutionNode = FALSE
	EndGlobalSection
	GlobalSection(ExtensibilityGlobals) = postSolution
		SolutionGuid = {D58ED288-68C5-46AA-AF16-1FD7A224E766}
	EndGlobalSection
EndGlobal
