
Microsoft Visual Studio Solution File, Format Version 12.00
# Visual Studio Version 17
VisualStudioVersion = 17.3.32901.215
MinimumVisualStudioVersion = 10.0.40219.1
Project("{9A19103F-16F7-4668-BE54-9A1E7A4F7556}") = "ClassBoxData", "ClassBoxData\ClassBoxData.csproj", "{C834CAA7-30B2-4371-887E-1BCBD3D2A85C}"
EndProject
Project("{9A19103F-16F7-4668-BE54-9A1E7A4F7556}") = "AnimalFarm", "AnimalFarm\AnimalFarm\AnimalFarm.csproj", "{7CC94AA3-EEFD-4D87-92DE-ADED495FF68A}"
EndProject
Project("{9A19103F-16F7-4668-BE54-9A1E7A4F7556}") = "ShoppingSpree", "ShoppingSpree\ShoppingSpree.csproj", "{330CEB0F-DBFB-4BD7-9333-27AD5ECEF5F8}"
EndProject
Project("{9A19103F-16F7-4668-BE54-9A1E7A4F7556}") = "PizzaCalories", "PizzaCalories\PizzaCalories.csproj", "{9AE467BF-66E4-48B3-A593-FB338A3BE282}"
EndProject
Project("{FAE04EC0-301F-11D3-BF4B-00C04F79EFBC}") = "FootballTeamGenerator", "FootballTeamGenerator\FootballTeamGenerator.csproj", "{A31AB6FF-7691-40DA-86BA-568175A12EE3}"
EndProject
Global
	GlobalSection(SolutionConfigurationPlatforms) = preSolution
		Debug|Any CPU = Debug|Any CPU
		Release|Any CPU = Release|Any CPU
	EndGlobalSection
	GlobalSection(ProjectConfigurationPlatforms) = postSolution
		{C834CAA7-30B2-4371-887E-1BCBD3D2A85C}.Debug|Any CPU.ActiveCfg = Debug|Any CPU
		{C834CAA7-30B2-4371-887E-1BCBD3D2A85C}.Debug|Any CPU.Build.0 = Debug|Any CPU
		{C834CAA7-30B2-4371-887E-1BCBD3D2A85C}.Release|Any CPU.ActiveCfg = Release|Any CPU
		{C834CAA7-30B2-4371-887E-1BCBD3D2A85C}.Release|Any CPU.Build.0 = Release|Any CPU
		{7CC94AA3-EEFD-4D87-92DE-ADED495FF68A}.Debug|Any CPU.ActiveCfg = Debug|Any CPU
		{7CC94AA3-EEFD-4D87-92DE-ADED495FF68A}.Debug|Any CPU.Build.0 = Debug|Any CPU
		{7CC94AA3-EEFD-4D87-92DE-ADED495FF68A}.Release|Any CPU.ActiveCfg = Release|Any CPU
		{7CC94AA3-EEFD-4D87-92DE-ADED495FF68A}.Release|Any CPU.Build.0 = Release|Any CPU
		{330CEB0F-DBFB-4BD7-9333-27AD5ECEF5F8}.Debug|Any CPU.ActiveCfg = Debug|Any CPU
		{330CEB0F-DBFB-4BD7-9333-27AD5ECEF5F8}.Debug|Any CPU.Build.0 = Debug|Any CPU
		{330CEB0F-DBFB-4BD7-9333-27AD5ECEF5F8}.Release|Any CPU.ActiveCfg = Release|Any CPU
		{330CEB0F-DBFB-4BD7-9333-27AD5ECEF5F8}.Release|Any CPU.Build.0 = Release|Any CPU
		{9AE467BF-66E4-48B3-A593-FB338A3BE282}.Debug|Any CPU.ActiveCfg = Debug|Any CPU
		{9AE467BF-66E4-48B3-A593-FB338A3BE282}.Debug|Any CPU.Build.0 = Debug|Any CPU
		{9AE467BF-66E4-48B3-A593-FB338A3BE282}.Release|Any CPU.ActiveCfg = Release|Any CPU
		{9AE467BF-66E4-48B3-A593-FB338A3BE282}.Release|Any CPU.Build.0 = Release|Any CPU
		{A31AB6FF-7691-40DA-86BA-568175A12EE3}.Debug|Any CPU.ActiveCfg = Debug|Any CPU
		{A31AB6FF-7691-40DA-86BA-568175A12EE3}.Debug|Any CPU.Build.0 = Debug|Any CPU
		{A31AB6FF-7691-40DA-86BA-568175A12EE3}.Release|Any CPU.ActiveCfg = Release|Any CPU
		{A31AB6FF-7691-40DA-86BA-568175A12EE3}.Release|Any CPU.Build.0 = Release|Any CPU
	EndGlobalSection
	GlobalSection(SolutionProperties) = preSolution
		HideSolutionNode = FALSE
	EndGlobalSection
	GlobalSection(ExtensibilityGlobals) = postSolution
		SolutionGuid = {28DFF3C0-318E-47FF-97A8-3467F880C60F}
	EndGlobalSection
EndGlobal
