
Microsoft Visual Studio Solution File, Format Version 12.00
# Visual Studio Version 17
VisualStudioVersion = 17.8.34330.188
MinimumVisualStudioVersion = 10.0.40219.1
Project("{FAE04EC0-301F-11D3-BF4B-00C04F79EFBC}") = "P01.Company Roster", "P01.Company Roster\P01.Company Roster.csproj", "{2284CDFD-FC7E-4E25-811B-6925CC077ED5}"
EndProject
Project("{FAE04EC0-301F-11D3-BF4B-00C04F79EFBC}") = "P02.Oldest Family Member", "P02.Oldest Family Member\P02.Oldest Family Member.csproj", "{3DFE72B6-047D-4E4F-8F16-D5735753124F}"
EndProject
Project("{FAE04EC0-301F-11D3-BF4B-00C04F79EFBC}") = "P03.Speed Racing", "P03.Speed Racing\P03.Speed Racing.csproj", "{273D79F3-59A5-4102-8C40-A81E03CC2924}"
EndProject
Project("{FAE04EC0-301F-11D3-BF4B-00C04F79EFBC}") = "P04.Raw Data", "P04.Raw Data\P04.Raw Data.csproj", "{24F11708-A5C9-47B3-B409-A7BE162B8BD1}"
EndProject
Project("{FAE04EC0-301F-11D3-BF4B-00C04F79EFBC}") = "P05.Shopping Spree", "P05.Shopping Spree\P05.Shopping Spree.csproj", "{863582ED-5846-446F-ACE3-B39C1FC21B7C}"
EndProject
Global
	GlobalSection(SolutionConfigurationPlatforms) = preSolution
		Debug|Any CPU = Debug|Any CPU
		Release|Any CPU = Release|Any CPU
	EndGlobalSection
	GlobalSection(ProjectConfigurationPlatforms) = postSolution
		{2284CDFD-FC7E-4E25-811B-6925CC077ED5}.Debug|Any CPU.ActiveCfg = Debug|Any CPU
		{2284CDFD-FC7E-4E25-811B-6925CC077ED5}.Debug|Any CPU.Build.0 = Debug|Any CPU
		{2284CDFD-FC7E-4E25-811B-6925CC077ED5}.Release|Any CPU.ActiveCfg = Release|Any CPU
		{2284CDFD-FC7E-4E25-811B-6925CC077ED5}.Release|Any CPU.Build.0 = Release|Any CPU
		{3DFE72B6-047D-4E4F-8F16-D5735753124F}.Debug|Any CPU.ActiveCfg = Debug|Any CPU
		{3DFE72B6-047D-4E4F-8F16-D5735753124F}.Debug|Any CPU.Build.0 = Debug|Any CPU
		{3DFE72B6-047D-4E4F-8F16-D5735753124F}.Release|Any CPU.ActiveCfg = Release|Any CPU
		{3DFE72B6-047D-4E4F-8F16-D5735753124F}.Release|Any CPU.Build.0 = Release|Any CPU
		{273D79F3-59A5-4102-8C40-A81E03CC2924}.Debug|Any CPU.ActiveCfg = Debug|Any CPU
		{273D79F3-59A5-4102-8C40-A81E03CC2924}.Debug|Any CPU.Build.0 = Debug|Any CPU
		{273D79F3-59A5-4102-8C40-A81E03CC2924}.Release|Any CPU.ActiveCfg = Release|Any CPU
		{273D79F3-59A5-4102-8C40-A81E03CC2924}.Release|Any CPU.Build.0 = Release|Any CPU
		{24F11708-A5C9-47B3-B409-A7BE162B8BD1}.Debug|Any CPU.ActiveCfg = Debug|Any CPU
		{24F11708-A5C9-47B3-B409-A7BE162B8BD1}.Debug|Any CPU.Build.0 = Debug|Any CPU
		{24F11708-A5C9-47B3-B409-A7BE162B8BD1}.Release|Any CPU.ActiveCfg = Release|Any CPU
		{24F11708-A5C9-47B3-B409-A7BE162B8BD1}.Release|Any CPU.Build.0 = Release|Any CPU
		{863582ED-5846-446F-ACE3-B39C1FC21B7C}.Debug|Any CPU.ActiveCfg = Debug|Any CPU
		{863582ED-5846-446F-ACE3-B39C1FC21B7C}.Debug|Any CPU.Build.0 = Debug|Any CPU
		{863582ED-5846-446F-ACE3-B39C1FC21B7C}.Release|Any CPU.ActiveCfg = Release|Any CPU
		{863582ED-5846-446F-ACE3-B39C1FC21B7C}.Release|Any CPU.Build.0 = Release|Any CPU
	EndGlobalSection
	GlobalSection(SolutionProperties) = preSolution
		HideSolutionNode = FALSE
	EndGlobalSection
	GlobalSection(ExtensibilityGlobals) = postSolution
		SolutionGuid = {D08BBA73-0917-4415-AD21-DF7B7892AEAC}
	EndGlobalSection
EndGlobal
