
Microsoft Visual Studio Solution File, Format Version 12.00
# Visual Studio Version 17
VisualStudioVersion = 17.8.34330.188
MinimumVisualStudioVersion = 10.0.40219.1
Project("{FAE04EC0-301F-11D3-BF4B-00C04F79EFBC}") = "Bakery Shop", "Bakery Shop\Bakery Shop.csproj", "{6B6B4A8E-E9DC-4D5B-A01C-E9A098A919D9}"
EndProject
Project("{FAE04EC0-301F-11D3-BF4B-00C04F79EFBC}") = "Beaver at Work", "Beaver at Work\Beaver at Work.csproj", "{63A7D1DB-9364-49A7-A1CB-A7DD85091C5A}"
EndProject
Project("{9A19103F-16F7-4668-BE54-9A1E7A4F7556}") = "FishingNet", "Fishing Net\FishingNet.csproj", "{55DB9F96-D1A1-411F-A85B-19952FA887F6}"
EndProject
Global
	GlobalSection(SolutionConfigurationPlatforms) = preSolution
		Debug|Any CPU = Debug|Any CPU
		Release|Any CPU = Release|Any CPU
	EndGlobalSection
	GlobalSection(ProjectConfigurationPlatforms) = postSolution
		{6B6B4A8E-E9DC-4D5B-A01C-E9A098A919D9}.Debug|Any CPU.ActiveCfg = Debug|Any CPU
		{6B6B4A8E-E9DC-4D5B-A01C-E9A098A919D9}.Debug|Any CPU.Build.0 = Debug|Any CPU
		{6B6B4A8E-E9DC-4D5B-A01C-E9A098A919D9}.Release|Any CPU.ActiveCfg = Release|Any CPU
		{6B6B4A8E-E9DC-4D5B-A01C-E9A098A919D9}.Release|Any CPU.Build.0 = Release|Any CPU
		{63A7D1DB-9364-49A7-A1CB-A7DD85091C5A}.Debug|Any CPU.ActiveCfg = Debug|Any CPU
		{63A7D1DB-9364-49A7-A1CB-A7DD85091C5A}.Debug|Any CPU.Build.0 = Debug|Any CPU
		{63A7D1DB-9364-49A7-A1CB-A7DD85091C5A}.Release|Any CPU.ActiveCfg = Release|Any CPU
		{63A7D1DB-9364-49A7-A1CB-A7DD85091C5A}.Release|Any CPU.Build.0 = Release|Any CPU
		{55DB9F96-D1A1-411F-A85B-19952FA887F6}.Debug|Any CPU.ActiveCfg = Debug|Any CPU
		{55DB9F96-D1A1-411F-A85B-19952FA887F6}.Debug|Any CPU.Build.0 = Debug|Any CPU
		{55DB9F96-D1A1-411F-A85B-19952FA887F6}.Release|Any CPU.ActiveCfg = Release|Any CPU
		{55DB9F96-D1A1-411F-A85B-19952FA887F6}.Release|Any CPU.Build.0 = Release|Any CPU
	EndGlobalSection
	GlobalSection(SolutionProperties) = preSolution
		HideSolutionNode = FALSE
	EndGlobalSection
	GlobalSection(ExtensibilityGlobals) = postSolution
		SolutionGuid = {F6CE5CA4-51C2-4E79-9576-E4DA1CBD00F0}
	EndGlobalSection
EndGlobal
