
Microsoft Visual Studio Solution File, Format Version 12.00
# Visual Studio Version 17
VisualStudioVersion = 17.8.34330.188
MinimumVisualStudioVersion = 10.0.40219.1
Project("{FAE04EC0-301F-11D3-BF4B-00C04F79EFBC}") = "Energy Drinks", "Energy Drinks\Energy Drinks.csproj", "{ED5A9EC5-6F3F-4C82-8439-F9C42CB45DBF}"
EndProject
Project("{FAE04EC0-301F-11D3-BF4B-00C04F79EFBC}") = "Rally Racing", "Rally Racing\Rally Racing.csproj", "{7086C47B-5E0C-40BC-89CA-3903246EFFA2}"
EndProject
Project("{9A19103F-16F7-4668-BE54-9A1E7A4F7556}") = "ComputerArchitecture", "ComputerArchitecture\ComputerArchitecture.csproj", "{11BA3496-AED2-4687-8FD9-A0D46D17076B}"
EndProject
Global
	GlobalSection(SolutionConfigurationPlatforms) = preSolution
		Debug|Any CPU = Debug|Any CPU
		Release|Any CPU = Release|Any CPU
	EndGlobalSection
	GlobalSection(ProjectConfigurationPlatforms) = postSolution
		{ED5A9EC5-6F3F-4C82-8439-F9C42CB45DBF}.Debug|Any CPU.ActiveCfg = Debug|Any CPU
		{ED5A9EC5-6F3F-4C82-8439-F9C42CB45DBF}.Debug|Any CPU.Build.0 = Debug|Any CPU
		{ED5A9EC5-6F3F-4C82-8439-F9C42CB45DBF}.Release|Any CPU.ActiveCfg = Release|Any CPU
		{ED5A9EC5-6F3F-4C82-8439-F9C42CB45DBF}.Release|Any CPU.Build.0 = Release|Any CPU
		{7086C47B-5E0C-40BC-89CA-3903246EFFA2}.Debug|Any CPU.ActiveCfg = Debug|Any CPU
		{7086C47B-5E0C-40BC-89CA-3903246EFFA2}.Debug|Any CPU.Build.0 = Debug|Any CPU
		{7086C47B-5E0C-40BC-89CA-3903246EFFA2}.Release|Any CPU.ActiveCfg = Release|Any CPU
		{7086C47B-5E0C-40BC-89CA-3903246EFFA2}.Release|Any CPU.Build.0 = Release|Any CPU
		{11BA3496-AED2-4687-8FD9-A0D46D17076B}.Debug|Any CPU.ActiveCfg = Debug|Any CPU
		{11BA3496-AED2-4687-8FD9-A0D46D17076B}.Debug|Any CPU.Build.0 = Debug|Any CPU
		{11BA3496-AED2-4687-8FD9-A0D46D17076B}.Release|Any CPU.ActiveCfg = Release|Any CPU
		{11BA3496-AED2-4687-8FD9-A0D46D17076B}.Release|Any CPU.Build.0 = Release|Any CPU
	EndGlobalSection
	GlobalSection(SolutionProperties) = preSolution
		HideSolutionNode = FALSE
	EndGlobalSection
	GlobalSection(ExtensibilityGlobals) = postSolution
		SolutionGuid = {CD6053F5-FB7C-451E-BE71-472011806A88}
	EndGlobalSection
EndGlobal
