
Microsoft Visual Studio Solution File, Format Version 12.00
# Visual Studio Version 17
VisualStudioVersion = 17.4.33103.184
MinimumVisualStudioVersion = 10.0.40219.1
Project("{FAE04EC0-301F-11D3-BF4B-00C04F79EFBC}") = "Test Axe", "Test Axe\Test Axe.csproj", "{BE5BA15B-4871-4F40-B87E-D418D23B334F}"
EndProject
Global
	GlobalSection(SolutionConfigurationPlatforms) = preSolution
		Debug|Any CPU = Debug|Any CPU
		Release|Any CPU = Release|Any CPU
	EndGlobalSection
	GlobalSection(ProjectConfigurationPlatforms) = postSolution
		{BE5BA15B-4871-4F40-B87E-D418D23B334F}.Debug|Any CPU.ActiveCfg = Debug|Any CPU
		{BE5BA15B-4871-4F40-B87E-D418D23B334F}.Debug|Any CPU.Build.0 = Debug|Any CPU
		{BE5BA15B-4871-4F40-B87E-D418D23B334F}.Release|Any CPU.ActiveCfg = Release|Any CPU
		{BE5BA15B-4871-4F40-B87E-D418D23B334F}.Release|Any CPU.Build.0 = Release|Any CPU
	EndGlobalSection
	GlobalSection(SolutionProperties) = preSolution
		HideSolutionNode = FALSE
	EndGlobalSection
	GlobalSection(ExtensibilityGlobals) = postSolution
		SolutionGuid = {29F37902-E54B-4484-A570-7037F34C8E8D}
	EndGlobalSection
EndGlobal
