
Microsoft Visual Studio Solution File, Format Version 12.00
# Visual Studio Version 17
VisualStudioVersion = 17.8.34330.188
MinimumVisualStudioVersion = 10.0.40219.1
Project("{FAE04EC0-301F-11D3-BF4B-00C04F79EFBC}") = "The Fight for Gondor", "The Fight for Gondor\The Fight for Gondor.csproj", "{04CE2DD2-7E18-4C1C-B7F4-AF707F840BC1}"
EndProject
Project("{FAE04EC0-301F-11D3-BF4B-00C04F79EFBC}") = "Warships", "Warships\Warships.csproj", "{4ADF9410-F7B8-4DBB-A201-6ABBFC95F775}"
EndProject
Project("{9A19103F-16F7-4668-BE54-9A1E7A4F7556}") = "TheRace", "The Race\TheRace.csproj", "{A39511AD-3361-4531-BFEA-8864CDDA043D}"
EndProject
Global
	GlobalSection(SolutionConfigurationPlatforms) = preSolution
		Debug|Any CPU = Debug|Any CPU
		Release|Any CPU = Release|Any CPU
	EndGlobalSection
	GlobalSection(ProjectConfigurationPlatforms) = postSolution
		{04CE2DD2-7E18-4C1C-B7F4-AF707F840BC1}.Debug|Any CPU.ActiveCfg = Debug|Any CPU
		{04CE2DD2-7E18-4C1C-B7F4-AF707F840BC1}.Debug|Any CPU.Build.0 = Debug|Any CPU
		{04CE2DD2-7E18-4C1C-B7F4-AF707F840BC1}.Release|Any CPU.ActiveCfg = Release|Any CPU
		{04CE2DD2-7E18-4C1C-B7F4-AF707F840BC1}.Release|Any CPU.Build.0 = Release|Any CPU
		{4ADF9410-F7B8-4DBB-A201-6ABBFC95F775}.Debug|Any CPU.ActiveCfg = Debug|Any CPU
		{4ADF9410-F7B8-4DBB-A201-6ABBFC95F775}.Debug|Any CPU.Build.0 = Debug|Any CPU
		{4ADF9410-F7B8-4DBB-A201-6ABBFC95F775}.Release|Any CPU.ActiveCfg = Release|Any CPU
		{4ADF9410-F7B8-4DBB-A201-6ABBFC95F775}.Release|Any CPU.Build.0 = Release|Any CPU
		{A39511AD-3361-4531-BFEA-8864CDDA043D}.Debug|Any CPU.ActiveCfg = Debug|Any CPU
		{A39511AD-3361-4531-BFEA-8864CDDA043D}.Debug|Any CPU.Build.0 = Debug|Any CPU
		{A39511AD-3361-4531-BFEA-8864CDDA043D}.Release|Any CPU.ActiveCfg = Release|Any CPU
		{A39511AD-3361-4531-BFEA-8864CDDA043D}.Release|Any CPU.Build.0 = Release|Any CPU
	EndGlobalSection
	GlobalSection(SolutionProperties) = preSolution
		HideSolutionNode = FALSE
	EndGlobalSection
	GlobalSection(ExtensibilityGlobals) = postSolution
		SolutionGuid = {A6E2B9AD-6D5E-48D3-8727-58CA5B3D6581}
	EndGlobalSection
EndGlobal
