
Microsoft Visual Studio Solution File, Format Version 12.00
# Visual Studio Version 17
VisualStudioVersion = 17.8.34330.188
MinimumVisualStudioVersion = 10.0.40219.1
Project("{FAE04EC0-301F-11D3-BF4B-00C04F79EFBC}") = "Blacksmith", "Blacksmith\Blacksmith.csproj", "{58A914B4-65C5-4B47-9D67-7B9D0832762D}"
EndProject
Project("{FAE04EC0-301F-11D3-BF4B-00C04F79EFBC}") = "Armory", "Armory\Armory.csproj", "{022FCD7B-899A-4AE0-B79A-0E03F80758FC}"
EndProject
Project("{9A19103F-16F7-4668-BE54-9A1E7A4F7556}") = "Drones", "Drones\Drones.csproj", "{08617E31-5508-45F9-B862-99C87494A364}"
EndProject
Global
	GlobalSection(SolutionConfigurationPlatforms) = preSolution
		Debug|Any CPU = Debug|Any CPU
		Release|Any CPU = Release|Any CPU
	EndGlobalSection
	GlobalSection(ProjectConfigurationPlatforms) = postSolution
		{58A914B4-65C5-4B47-9D67-7B9D0832762D}.Debug|Any CPU.ActiveCfg = Debug|Any CPU
		{58A914B4-65C5-4B47-9D67-7B9D0832762D}.Debug|Any CPU.Build.0 = Debug|Any CPU
		{58A914B4-65C5-4B47-9D67-7B9D0832762D}.Release|Any CPU.ActiveCfg = Release|Any CPU
		{58A914B4-65C5-4B47-9D67-7B9D0832762D}.Release|Any CPU.Build.0 = Release|Any CPU
		{022FCD7B-899A-4AE0-B79A-0E03F80758FC}.Debug|Any CPU.ActiveCfg = Debug|Any CPU
		{022FCD7B-899A-4AE0-B79A-0E03F80758FC}.Debug|Any CPU.Build.0 = Debug|Any CPU
		{022FCD7B-899A-4AE0-B79A-0E03F80758FC}.Release|Any CPU.ActiveCfg = Release|Any CPU
		{022FCD7B-899A-4AE0-B79A-0E03F80758FC}.Release|Any CPU.Build.0 = Release|Any CPU
		{08617E31-5508-45F9-B862-99C87494A364}.Debug|Any CPU.ActiveCfg = Debug|Any CPU
		{08617E31-5508-45F9-B862-99C87494A364}.Debug|Any CPU.Build.0 = Debug|Any CPU
		{08617E31-5508-45F9-B862-99C87494A364}.Release|Any CPU.ActiveCfg = Release|Any CPU
		{08617E31-5508-45F9-B862-99C87494A364}.Release|Any CPU.Build.0 = Release|Any CPU
	EndGlobalSection
	GlobalSection(SolutionProperties) = preSolution
		HideSolutionNode = FALSE
	EndGlobalSection
	GlobalSection(ExtensibilityGlobals) = postSolution
		SolutionGuid = {4DB0DB99-071F-4CC9-BDDB-20E324A5C5B4}
	EndGlobalSection
EndGlobal
