
Microsoft Visual Studio Solution File, Format Version 12.00
# Visual Studio Version 17
VisualStudioVersion = 17.8.34330.188
MinimumVisualStudioVersion = 10.0.40219.1
Project("{FAE04EC0-301F-11D3-BF4B-00C04F79EFBC}") = "P01.Password Reset", "P01.Password Reset\P01.Password Reset.csproj", "{C23882F5-E044-47A3-A99C-916CB7A1A730}"
EndProject
Project("{FAE04EC0-301F-11D3-BF4B-00C04F79EFBC}") = "P02.Fancy Barcodes", "P02.Fancy Barcodes\P02.Fancy Barcodes.csproj", "{30FF1091-71C8-496B-8E4F-8F2FC31AADE6}"
EndProject
Project("{FAE04EC0-301F-11D3-BF4B-00C04F79EFBC}") = "P03.Heroes of Code and Logic VII", "P03.Heroes of Code and Logic VII\P03.Heroes of Code and Logic VII.csproj", "{5492ED39-1EF9-4DAA-B20B-7A74923B664C}"
EndProject
Global
	GlobalSection(SolutionConfigurationPlatforms) = preSolution
		Debug|Any CPU = Debug|Any CPU
		Release|Any CPU = Release|Any CPU
	EndGlobalSection
	GlobalSection(ProjectConfigurationPlatforms) = postSolution
		{C23882F5-E044-47A3-A99C-916CB7A1A730}.Debug|Any CPU.ActiveCfg = Debug|Any CPU
		{C23882F5-E044-47A3-A99C-916CB7A1A730}.Debug|Any CPU.Build.0 = Debug|Any CPU
		{C23882F5-E044-47A3-A99C-916CB7A1A730}.Release|Any CPU.ActiveCfg = Release|Any CPU
		{C23882F5-E044-47A3-A99C-916CB7A1A730}.Release|Any CPU.Build.0 = Release|Any CPU
		{30FF1091-71C8-496B-8E4F-8F2FC31AADE6}.Debug|Any CPU.ActiveCfg = Debug|Any CPU
		{30FF1091-71C8-496B-8E4F-8F2FC31AADE6}.Debug|Any CPU.Build.0 = Debug|Any CPU
		{30FF1091-71C8-496B-8E4F-8F2FC31AADE6}.Release|Any CPU.ActiveCfg = Release|Any CPU
		{30FF1091-71C8-496B-8E4F-8F2FC31AADE6}.Release|Any CPU.Build.0 = Release|Any CPU
		{5492ED39-1EF9-4DAA-B20B-7A74923B664C}.Debug|Any CPU.ActiveCfg = Debug|Any CPU
		{5492ED39-1EF9-4DAA-B20B-7A74923B664C}.Debug|Any CPU.Build.0 = Debug|Any CPU
		{5492ED39-1EF9-4DAA-B20B-7A74923B664C}.Release|Any CPU.ActiveCfg = Release|Any CPU
		{5492ED39-1EF9-4DAA-B20B-7A74923B664C}.Release|Any CPU.Build.0 = Release|Any CPU
	EndGlobalSection
	GlobalSection(SolutionProperties) = preSolution
		HideSolutionNode = FALSE
	EndGlobalSection
	GlobalSection(ExtensibilityGlobals) = postSolution
		SolutionGuid = {768BCC53-EF43-40D5-8FBA-F07833199C03}
	EndGlobalSection
EndGlobal
