
Microsoft Visual Studio Solution File, Format Version 12.00
# Visual Studio Version 17
VisualStudioVersion = 17.8.34330.188
MinimumVisualStudioVersion = 10.0.40219.1
Project("{FAE04EC0-301F-11D3-BF4B-00C04F79EFBC}") = "P01.Match Full Name", "P01.Match Full Name\P01.Match Full Name.csproj", "{71A1022E-275B-47AD-8ED8-E997951BD447}"
EndProject
Project("{FAE04EC0-301F-11D3-BF4B-00C04F79EFBC}") = "P02.Match Phone Number", "P02.Match Phone Number\P02.Match Phone Number.csproj", "{A6A71AAF-DF8B-4FF1-8796-CF2F712CA9D6}"
EndProject
Project("{FAE04EC0-301F-11D3-BF4B-00C04F79EFBC}") = "P03.Match Dates", "P03.Match Dates\P03.Match Dates.csproj", "{ECF164FA-9255-4C86-8FDF-53FACD42026F}"
EndProject
Global
	GlobalSection(SolutionConfigurationPlatforms) = preSolution
		Debug|Any CPU = Debug|Any CPU
		Release|Any CPU = Release|Any CPU
	EndGlobalSection
	GlobalSection(ProjectConfigurationPlatforms) = postSolution
		{71A1022E-275B-47AD-8ED8-E997951BD447}.Debug|Any CPU.ActiveCfg = Debug|Any CPU
		{71A1022E-275B-47AD-8ED8-E997951BD447}.Debug|Any CPU.Build.0 = Debug|Any CPU
		{71A1022E-275B-47AD-8ED8-E997951BD447}.Release|Any CPU.ActiveCfg = Release|Any CPU
		{71A1022E-275B-47AD-8ED8-E997951BD447}.Release|Any CPU.Build.0 = Release|Any CPU
		{A6A71AAF-DF8B-4FF1-8796-CF2F712CA9D6}.Debug|Any CPU.ActiveCfg = Debug|Any CPU
		{A6A71AAF-DF8B-4FF1-8796-CF2F712CA9D6}.Debug|Any CPU.Build.0 = Debug|Any CPU
		{A6A71AAF-DF8B-4FF1-8796-CF2F712CA9D6}.Release|Any CPU.ActiveCfg = Release|Any CPU
		{A6A71AAF-DF8B-4FF1-8796-CF2F712CA9D6}.Release|Any CPU.Build.0 = Release|Any CPU
		{ECF164FA-9255-4C86-8FDF-53FACD42026F}.Debug|Any CPU.ActiveCfg = Debug|Any CPU
		{ECF164FA-9255-4C86-8FDF-53FACD42026F}.Debug|Any CPU.Build.0 = Debug|Any CPU
		{ECF164FA-9255-4C86-8FDF-53FACD42026F}.Release|Any CPU.ActiveCfg = Release|Any CPU
		{ECF164FA-9255-4C86-8FDF-53FACD42026F}.Release|Any CPU.Build.0 = Release|Any CPU
	EndGlobalSection
	GlobalSection(SolutionProperties) = preSolution
		HideSolutionNode = FALSE
	EndGlobalSection
	GlobalSection(ExtensibilityGlobals) = postSolution
		SolutionGuid = {65F08276-715E-4AEF-B076-E8E30E034398}
	EndGlobalSection
EndGlobal
