
Microsoft Visual Studio Solution File, Format Version 12.00
# Visual Studio Version 17
VisualStudioVersion = 17.8.34330.188
MinimumVisualStudioVersion = 10.0.40219.1
Project("{FAE04EC0-301F-11D3-BF4B-00C04F79EFBC}") = "P02.Array Modifier", "P02.Array Modifier\P02.Array Modifier.csproj", "{07199CC4-8300-4D65-A4CE-9FCF8814F634}"
EndProject
Project("{FAE04EC0-301F-11D3-BF4B-00C04F79EFBC}") = "P01.SoftUni Reception", "P01.SoftUni Reception\P01.SoftUni Reception.csproj", "{8740D31E-18A8-4214-ACD1-1A4A575A7D65}"
EndProject
Project("{FAE04EC0-301F-11D3-BF4B-00C04F79EFBC}") = "P03.Numbers", "P03.Numbers\P03.Numbers.csproj", "{8C85E8EA-AE67-400C-9D96-364F23267578}"
EndProject
Global
	GlobalSection(SolutionConfigurationPlatforms) = preSolution
		Debug|Any CPU = Debug|Any CPU
		Release|Any CPU = Release|Any CPU
	EndGlobalSection
	GlobalSection(ProjectConfigurationPlatforms) = postSolution
		{07199CC4-8300-4D65-A4CE-9FCF8814F634}.Debug|Any CPU.ActiveCfg = Debug|Any CPU
		{07199CC4-8300-4D65-A4CE-9FCF8814F634}.Debug|Any CPU.Build.0 = Debug|Any CPU
		{07199CC4-8300-4D65-A4CE-9FCF8814F634}.Release|Any CPU.ActiveCfg = Release|Any CPU
		{07199CC4-8300-4D65-A4CE-9FCF8814F634}.Release|Any CPU.Build.0 = Release|Any CPU
		{8740D31E-18A8-4214-ACD1-1A4A575A7D65}.Debug|Any CPU.ActiveCfg = Debug|Any CPU
		{8740D31E-18A8-4214-ACD1-1A4A575A7D65}.Debug|Any CPU.Build.0 = Debug|Any CPU
		{8740D31E-18A8-4214-ACD1-1A4A575A7D65}.Release|Any CPU.ActiveCfg = Release|Any CPU
		{8740D31E-18A8-4214-ACD1-1A4A575A7D65}.Release|Any CPU.Build.0 = Release|Any CPU
		{8C85E8EA-AE67-400C-9D96-364F23267578}.Debug|Any CPU.ActiveCfg = Debug|Any CPU
		{8C85E8EA-AE67-400C-9D96-364F23267578}.Debug|Any CPU.Build.0 = Debug|Any CPU
		{8C85E8EA-AE67-400C-9D96-364F23267578}.Release|Any CPU.ActiveCfg = Release|Any CPU
		{8C85E8EA-AE67-400C-9D96-364F23267578}.Release|Any CPU.Build.0 = Release|Any CPU
	EndGlobalSection
	GlobalSection(SolutionProperties) = preSolution
		HideSolutionNode = FALSE
	EndGlobalSection
	GlobalSection(ExtensibilityGlobals) = postSolution
		SolutionGuid = {66CDCDC3-4BCF-4B5B-A0D3-DF1E5B3988D2}
	EndGlobalSection
EndGlobal
