
Microsoft Visual Studio Solution File, Format Version 12.00
# Visual Studio Version 17
VisualStudioVersion = 17.8.34330.188
MinimumVisualStudioVersion = 10.0.40219.1
Project("{FAE04EC0-301F-11D3-BF4B-00C04F79EFBC}") = "P01.Day of Week", "P01.Day of Week\P01.Day of Week.csproj", "{0F3E94FA-3AC8-443D-A1BF-C71A35985EE5}"
EndProject
Project("{FAE04EC0-301F-11D3-BF4B-00C04F79EFBC}") = "P02.Weekend or Working Day", "P02.Weekend or Working Day\P02.Weekend or Working Day.csproj", "{3623FF4D-DFA1-41C1-A4D0-B4860C9A198C}"
EndProject
Project("{FAE04EC0-301F-11D3-BF4B-00C04F79EFBC}") = "P03.Animal Type", "P03.Animal Type\P03.Animal Type.csproj", "{243F0A20-1CFD-492A-942A-B00BB8F18B28}"
EndProject
Project("{FAE04EC0-301F-11D3-BF4B-00C04F79EFBC}") = "P04.Personal Titles", "P04.Personal Titles\P04.Personal Titles.csproj", "{77395600-8E40-416B-A69A-846E1BCAC75A}"
EndProject
Project("{FAE04EC0-301F-11D3-BF4B-00C04F79EFBC}") = "P05.Small Shop", "P05.Small Shop\P05.Small Shop.csproj", "{E169EA8D-4ACF-4FF6-AC4D-EB62031B81E4}"
EndProject
Project("{FAE04EC0-301F-11D3-BF4B-00C04F79EFBC}") = "P06.Number in Range", "P06.Number in Range\P06.Number in Range.csproj", "{52E1BC60-15F8-4140-96F6-BB0A6CAF1205}"
EndProject
Project("{FAE04EC0-301F-11D3-BF4B-00C04F79EFBC}") = "P07.Working Hours", "P07.Working Hours\P07.Working Hours.csproj", "{C7EE74C6-5236-417F-BAE0-15347393678F}"
EndProject
Project("{FAE04EC0-301F-11D3-BF4B-00C04F79EFBC}") = "P08.Cinema Ticket", "P08.Cinema Ticket\P08.Cinema Ticket.csproj", "{F5966D13-5BEA-4C0D-BCA3-2DEA10A0B4DB}"
EndProject
Project("{FAE04EC0-301F-11D3-BF4B-00C04F79EFBC}") = "P09.Fruit or Vegetable", "P09.Fruit or Vegetable\P09.Fruit or Vegetable.csproj", "{B55A9AB1-4272-4A13-B4C0-68DCDB158BC5}"
EndProject
Project("{FAE04EC0-301F-11D3-BF4B-00C04F79EFBC}") = "P10.Invalid Number", "P10.Invalid Number\P10.Invalid Number.csproj", "{1EF4D824-3774-46F1-B782-737F4A02DFA5}"
EndProject
Project("{FAE04EC0-301F-11D3-BF4B-00C04F79EFBC}") = "P11.Fruit Shop", "P11.Fruit Shop\P11.Fruit Shop.csproj", "{764893D4-69AD-44EB-BEB2-183073FD3C3E}"
EndProject
Project("{FAE04EC0-301F-11D3-BF4B-00C04F79EFBC}") = "P12.Trade Commissions", "P12.Trade Commissions\P12.Trade Commissions.csproj", "{AC82B859-025C-4F92-B52E-E4AC4EB991E1}"
EndProject
Global
	GlobalSection(SolutionConfigurationPlatforms) = preSolution
		Debug|Any CPU = Debug|Any CPU
		Release|Any CPU = Release|Any CPU
	EndGlobalSection
	GlobalSection(ProjectConfigurationPlatforms) = postSolution
		{0F3E94FA-3AC8-443D-A1BF-C71A35985EE5}.Debug|Any CPU.ActiveCfg = Debug|Any CPU
		{0F3E94FA-3AC8-443D-A1BF-C71A35985EE5}.Debug|Any CPU.Build.0 = Debug|Any CPU
		{0F3E94FA-3AC8-443D-A1BF-C71A35985EE5}.Release|Any CPU.ActiveCfg = Release|Any CPU
		{0F3E94FA-3AC8-443D-A1BF-C71A35985EE5}.Release|Any CPU.Build.0 = Release|Any CPU
		{3623FF4D-DFA1-41C1-A4D0-B4860C9A198C}.Debug|Any CPU.ActiveCfg = Debug|Any CPU
		{3623FF4D-DFA1-41C1-A4D0-B4860C9A198C}.Debug|Any CPU.Build.0 = Debug|Any CPU
		{3623FF4D-DFA1-41C1-A4D0-B4860C9A198C}.Release|Any CPU.ActiveCfg = Release|Any CPU
		{3623FF4D-DFA1-41C1-A4D0-B4860C9A198C}.Release|Any CPU.Build.0 = Release|Any CPU
		{243F0A20-1CFD-492A-942A-B00BB8F18B28}.Debug|Any CPU.ActiveCfg = Debug|Any CPU
		{243F0A20-1CFD-492A-942A-B00BB8F18B28}.Debug|Any CPU.Build.0 = Debug|Any CPU
		{243F0A20-1CFD-492A-942A-B00BB8F18B28}.Release|Any CPU.ActiveCfg = Release|Any CPU
		{243F0A20-1CFD-492A-942A-B00BB8F18B28}.Release|Any CPU.Build.0 = Release|Any CPU
		{77395600-8E40-416B-A69A-846E1BCAC75A}.Debug|Any CPU.ActiveCfg = Debug|Any CPU
		{77395600-8E40-416B-A69A-846E1BCAC75A}.Debug|Any CPU.Build.0 = Debug|Any CPU
		{77395600-8E40-416B-A69A-846E1BCAC75A}.Release|Any CPU.ActiveCfg = Release|Any CPU
		{77395600-8E40-416B-A69A-846E1BCAC75A}.Release|Any CPU.Build.0 = Release|Any CPU
		{E169EA8D-4ACF-4FF6-AC4D-EB62031B81E4}.Debug|Any CPU.ActiveCfg = Debug|Any CPU
		{E169EA8D-4ACF-4FF6-AC4D-EB62031B81E4}.Debug|Any CPU.Build.0 = Debug|Any CPU
		{E169EA8D-4ACF-4FF6-AC4D-EB62031B81E4}.Release|Any CPU.ActiveCfg = Release|Any CPU
		{E169EA8D-4ACF-4FF6-AC4D-EB62031B81E4}.Release|Any CPU.Build.0 = Release|Any CPU
		{52E1BC60-15F8-4140-96F6-BB0A6CAF1205}.Debug|Any CPU.ActiveCfg = Debug|Any CPU
		{52E1BC60-15F8-4140-96F6-BB0A6CAF1205}.Debug|Any CPU.Build.0 = Debug|Any CPU
		{52E1BC60-15F8-4140-96F6-BB0A6CAF1205}.Release|Any CPU.ActiveCfg = Release|Any CPU
		{52E1BC60-15F8-4140-96F6-BB0A6CAF1205}.Release|Any CPU.Build.0 = Release|Any CPU
		{C7EE74C6-5236-417F-BAE0-15347393678F}.Debug|Any CPU.ActiveCfg = Debug|Any CPU
		{C7EE74C6-5236-417F-BAE0-15347393678F}.Debug|Any CPU.Build.0 = Debug|Any CPU
		{C7EE74C6-5236-417F-BAE0-15347393678F}.Release|Any CPU.ActiveCfg = Release|Any CPU
		{C7EE74C6-5236-417F-BAE0-15347393678F}.Release|Any CPU.Build.0 = Release|Any CPU
		{F5966D13-5BEA-4C0D-BCA3-2DEA10A0B4DB}.Debug|Any CPU.ActiveCfg = Debug|Any CPU
		{F5966D13-5BEA-4C0D-BCA3-2DEA10A0B4DB}.Debug|Any CPU.Build.0 = Debug|Any CPU
		{F5966D13-5BEA-4C0D-BCA3-2DEA10A0B4DB}.Release|Any CPU.ActiveCfg = Release|Any CPU
		{F5966D13-5BEA-4C0D-BCA3-2DEA10A0B4DB}.Release|Any CPU.Build.0 = Release|Any CPU
		{B55A9AB1-4272-4A13-B4C0-68DCDB158BC5}.Debug|Any CPU.ActiveCfg = Debug|Any CPU
		{B55A9AB1-4272-4A13-B4C0-68DCDB158BC5}.Debug|Any CPU.Build.0 = Debug|Any CPU
		{B55A9AB1-4272-4A13-B4C0-68DCDB158BC5}.Release|Any CPU.ActiveCfg = Release|Any CPU
		{B55A9AB1-4272-4A13-B4C0-68DCDB158BC5}.Release|Any CPU.Build.0 = Release|Any CPU
		{1EF4D824-3774-46F1-B782-737F4A02DFA5}.Debug|Any CPU.ActiveCfg = Debug|Any CPU
		{1EF4D824-3774-46F1-B782-737F4A02DFA5}.Debug|Any CPU.Build.0 = Debug|Any CPU
		{1EF4D824-3774-46F1-B782-737F4A02DFA5}.Release|Any CPU.ActiveCfg = Release|Any CPU
		{1EF4D824-3774-46F1-B782-737F4A02DFA5}.Release|Any CPU.Build.0 = Release|Any CPU
		{764893D4-69AD-44EB-BEB2-183073FD3C3E}.Debug|Any CPU.ActiveCfg = Debug|Any CPU
		{764893D4-69AD-44EB-BEB2-183073FD3C3E}.Debug|Any CPU.Build.0 = Debug|Any CPU
		{764893D4-69AD-44EB-BEB2-183073FD3C3E}.Release|Any CPU.ActiveCfg = Release|Any CPU
		{764893D4-69AD-44EB-BEB2-183073FD3C3E}.Release|Any CPU.Build.0 = Release|Any CPU
		{AC82B859-025C-4F92-B52E-E4AC4EB991E1}.Debug|Any CPU.ActiveCfg = Debug|Any CPU
		{AC82B859-025C-4F92-B52E-E4AC4EB991E1}.Debug|Any CPU.Build.0 = Debug|Any CPU
		{AC82B859-025C-4F92-B52E-E4AC4EB991E1}.Release|Any CPU.ActiveCfg = Release|Any CPU
		{AC82B859-025C-4F92-B52E-E4AC4EB991E1}.Release|Any CPU.Build.0 = Release|Any CPU
	EndGlobalSection
	GlobalSection(SolutionProperties) = preSolution
		HideSolutionNode = FALSE
	EndGlobalSection
	GlobalSection(ExtensibilityGlobals) = postSolution
		SolutionGuid = {CC2F2EE0-5FCB-46CC-A6EC-1E765D06988C}
	EndGlobalSection
EndGlobal
